
Microsoft Visual Studio Solution File, Format Version 12.00
# Visual Studio Version 17
VisualStudioVersion = 17.0.32014.148
MinimumVisualStudioVersion = 10.0.40219.1
Project("{FAE04EC0-301F-11D3-BF4B-00C04F79EFBC}") = "QUI", "QUI\QUI.csproj", "{26EC16B7-EAFE-4B4E-BA12-705803A89262}"
EndProject
Global
	GlobalSection(SolutionConfigurationPlatforms) = preSolution
		Debug|Any CPU = Debug|Any CPU
		Release|Any CPU = Release|Any CPU
	EndGlobalSection
	GlobalSection(ProjectConfigurationPlatforms) = postSolution
		{26EC16B7-EAFE-4B4E-BA12-705803A89262}.Debug|Any CPU.ActiveCfg = Debug|Any CPU
		{26EC16B7-EAFE-4B4E-BA12-705803A89262}.Debug|Any CPU.Build.0 = Debug|Any CPU
		{26EC16B7-EAFE-4B4E-BA12-705803A89262}.Release|Any CPU.ActiveCfg = Release|Any CPU
		{26EC16B7-EAFE-4B4E-BA12-705803A89262}.Release|Any CPU.Build.0 = Release|Any CPU
	EndGlobalSection
	GlobalSection(SolutionProperties) = preSolution
		HideSolutionNode = FALSE
	EndGlobalSection
	GlobalSection(ExtensibilityGlobals) = postSolution
		SolutionGuid = {34DBD960-1225-42EF-9AFE-7A428809DED6}
	EndGlobalSection
EndGlobal
